
Microsoft Visual Studio Solution File, Format Version 12.00
# Visual Studio Version 17
VisualStudioVersion = 17.10.35013.160
MinimumVisualStudioVersion = 10.0.40219.1
Project("{FAE04EC0-301F-11D3-BF4B-00C04F79EFBC}") = "PortfolioProject", "PortfolioProject\PortfolioProject.csproj", "{ED5EC804-2407-4BBE-BA86-74683DC36E96}"
EndProject
Global
	GlobalSection(SolutionConfigurationPlatforms) = preSolution
		Debug|Any CPU = Debug|Any CPU
		Release|Any CPU = Release|Any CPU
	EndGlobalSection
	GlobalSection(ProjectConfigurationPlatforms) = postSolution
		{ED5EC804-2407-4BBE-BA86-74683DC36E96}.Debug|Any CPU.ActiveCfg = Debug|Any CPU
		{ED5EC804-2407-4BBE-BA86-74683DC36E96}.Debug|Any CPU.Build.0 = Debug|Any CPU
		{ED5EC804-2407-4BBE-BA86-74683DC36E96}.Release|Any CPU.ActiveCfg = Release|Any CPU
		{ED5EC804-2407-4BBE-BA86-74683DC36E96}.Release|Any CPU.Build.0 = Release|Any CPU
	EndGlobalSection
	GlobalSection(SolutionProperties) = preSolution
		HideSolutionNode = FALSE
	EndGlobalSection
	GlobalSection(ExtensibilityGlobals) = postSolution
		SolutionGuid = {452B37FC-AE89-4778-B279-A6B8C2E8B53D}
	EndGlobalSection
EndGlobal
